
Microsoft Visual Studio Solution File, Format Version 11.00
# Visual Basic Express 2010
Project("{F184B08F-C81C-45F6-A57F-5ABD9991F28F}") = "pr0shop", "pr0shop\pr0shop.vbproj", "{61E5CE9D-22D9-4F98-8CDD-FE016658B031}"
EndProject
Global
	GlobalSection(SolutionConfigurationPlatforms) = preSolution
		Debug|x86 = Debug|x86
		Release|x86 = Release|x86
	EndGlobalSection
	GlobalSection(ProjectConfigurationPlatforms) = postSolution
		{61E5CE9D-22D9-4F98-8CDD-FE016658B031}.Debug|x86.ActiveCfg = Debug|x86
		{61E5CE9D-22D9-4F98-8CDD-FE016658B031}.Debug|x86.Build.0 = Debug|x86
		{61E5CE9D-22D9-4F98-8CDD-FE016658B031}.Release|x86.ActiveCfg = Release|x86
		{61E5CE9D-22D9-4F98-8CDD-FE016658B031}.Release|x86.Build.0 = Release|x86
	EndGlobalSection
	GlobalSection(SolutionProperties) = preSolution
		HideSolutionNode = FALSE
	EndGlobalSection
EndGlobal
